{
  "name": "Compra_Venta_Mexico",
  "lockfileVersion": 2,
  "requires": true,
  "packages": {
    "": {
      "dependencies": {
        "@cloudinary/url-gen": "^1.10.1"
      }
    },
    "node_modules/@cloudinary/transformation-builder-sdk": {
      "version": "1.2.8",
      "resolved": "https://registry.npmjs.org/@cloudinary/transformation-builder-sdk/-/transformation-builder-sdk-1.2.8.tgz",
      "integrity": "sha512-Rxvt/tjzTNzHDvH2l5ZLky/ahp60pHf51uLfzkFA/Mrh6Uj8aMHne0TRbYvpaH4t8l9wLGcdK6SbBqKVzlN16A==",
      "dependencies": {
        "@cloudinary/url-gen": "^1.7.0"
      }
    },
    "node_modules/@cloudinary/url-gen": {
      "version": "1.10.1",
      "resolved": "https://registry.npmjs.org/@cloudinary/url-gen/-/url-gen-1.10.1.tgz",
      "integrity": "sha512-6pBmapnL7G231NbNWhKbi+08HcpNASci7M3OmZWaUCQWUfdmo3au27HT3Zqg9NMsisfyer3t7o0RXzPQ4XlmMg==",
      "dependencies": {
        "@cloudinary/transformation-builder-sdk": "^1.2.7"
      }
    }
  },
  "dependencies": {
    "@cloudinary/transformation-builder-sdk": {
      "version": "1.2.8",
      "resolved": "https://registry.npmjs.org/@cloudinary/transformation-builder-sdk/-/transformation-builder-sdk-1.2.8.tgz",
      "integrity": "sha512-Rxvt/tjzTNzHDvH2l5ZLky/ahp60pHf51uLfzkFA/Mrh6Uj8aMHne0TRbYvpaH4t8l9wLGcdK6SbBqKVzlN16A==",
      "requires": {
        "@cloudinary/url-gen": "^1.7.0"
      }
    },
    "@cloudinary/url-gen": {
      "version": "1.10.1",
      "resolved": "https://registry.npmjs.org/@cloudinary/url-gen/-/url-gen-1.10.1.tgz",
      "integrity": "sha512-6pBmapnL7G231NbNWhKbi+08HcpNASci7M3OmZWaUCQWUfdmo3au27HT3Zqg9NMsisfyer3t7o0RXzPQ4XlmMg==",
      "requires": {
        "@cloudinary/transformation-builder-sdk": "^1.2.7"
      }
    }
  }
}
